// !$*UTF8*$!
{
	archiveVersion = 1;
	classes = {
	};
	objectVersion = 50;
	objects = {

/* Begin PBXBuildFile section */
		227F36F722C96B6200365DDA /* SplashController.swift in Sources */ = {isa = PBXBuildFile; fileRef = 227F36F622C96B6200365DDA /* SplashController.swift */; };
		227F36F922C96B6D00365DDA /* SplashController.xib in Resources */ = {isa = PBXBuildFile; fileRef = 227F36F822C96B6D00365DDA /* SplashController.xib */; };
		227F36FB22C96C0800365DDA /* AuthViewModel.swift in Sources */ = {isa = PBXBuildFile; fileRef = 227F36FA22C96C0800365DDA /* AuthViewModel.swift */; };
		227F36FD22C96E0700365DDA /* LoginController.swift in Sources */ = {isa = PBXBuildFile; fileRef = 227F36FC22C96E0700365DDA /* LoginController.swift */; };
		227F370022C974D200365DDA /* HomeCoordinator.swift in Sources */ = {isa = PBXBuildFile; fileRef = 227F36FF22C974D200365DDA /* HomeCoordinator.swift */; };
		227F370222C9757300365DDA /* LoginController.xib in Resources */ = {isa = PBXBuildFile; fileRef = 227F370122C9757300365DDA /* LoginController.xib */; };
		227F370522C9777F00365DDA /* AuthenticationCoordinator.swift in Sources */ = {isa = PBXBuildFile; fileRef = 227F370422C9777F00365DDA /* AuthenticationCoordinator.swift */; };
		22D7A50522C9589800572802 /* AppDelegate.swift in Sources */ = {isa = PBXBuildFile; fileRef = 22D7A50422C9589800572802 /* AppDelegate.swift */; };
		22D7A50C22C9589900572802 /* Assets.xcassets in Resources */ = {isa = PBXBuildFile; fileRef = 22D7A50B22C9589900572802 /* Assets.xcassets */; };
		22D7A50F22C9589900572802 /* LaunchScreen.storyboard in Resources */ = {isa = PBXBuildFile; fileRef = 22D7A50D22C9589900572802 /* LaunchScreen.storyboard */; };
		22D7A51A22C9589A00572802 /* DoguitosTests.swift in Sources */ = {isa = PBXBuildFile; fileRef = 22D7A51922C9589A00572802 /* DoguitosTests.swift */; };
		22D7A52522C9589A00572802 /* DoguitosUITests.swift in Sources */ = {isa = PBXBuildFile; fileRef = 22D7A52422C9589A00572802 /* DoguitosUITests.swift */; };
		22D7A53C22C9595100572802 /* UIColor.swift in Sources */ = {isa = PBXBuildFile; fileRef = 22D7A53B22C9595100572802 /* UIColor.swift */; };
		22D7A53F22C9596400572802 /* BaseController.swift in Sources */ = {isa = PBXBuildFile; fileRef = 22D7A53E22C9596400572802 /* BaseController.swift */; };
		22D7A54322C9597D00572802 /* APIManager.swift in Sources */ = {isa = PBXBuildFile; fileRef = 22D7A54222C9597D00572802 /* APIManager.swift */; };
		22D7A54522C9599100572802 /* UserRealm.swift in Sources */ = {isa = PBXBuildFile; fileRef = 22D7A54422C9599100572802 /* UserRealm.swift */; };
		22D7A54722C9599B00572802 /* Dogs.swift in Sources */ = {isa = PBXBuildFile; fileRef = 22D7A54622C9599B00572802 /* Dogs.swift */; };
		22D7A54922C959A700572802 /* Coordinator.swift in Sources */ = {isa = PBXBuildFile; fileRef = 22D7A54822C959A700572802 /* Coordinator.swift */; };
		22D7A55022C95A3700572802 /* RealmManager.swift in Sources */ = {isa = PBXBuildFile; fileRef = 22D7A54F22C95A3700572802 /* RealmManager.swift */; };
		22D7A55222C95A5A00572802 /* AuthManager.swift in Sources */ = {isa = PBXBuildFile; fileRef = 22D7A55122C95A5A00572802 /* AuthManager.swift */; };
		22D7A55422C95A6400572802 /* DogsManager.swift in Sources */ = {isa = PBXBuildFile; fileRef = 22D7A55322C95A6400572802 /* DogsManager.swift */; };
		22D7A55722C95ADC00572802 /* AppCoordinator.swift in Sources */ = {isa = PBXBuildFile; fileRef = 22D7A55622C95ADC00572802 /* AppCoordinator.swift */; };
		423AC5EF7D86A706E6593651 /* Pods_Doguitos.framework in Frameworks */ = {isa = PBXBuildFile; fileRef = 5FFAC6E068CC1B18CDA454FA /* Pods_Doguitos.framework */; };
		68C0A86495847468C447856C /* Pods_DoguitosUITests.framework in Frameworks */ = {isa = PBXBuildFile; fileRef = 0941BFFB3400ED331319FC46 /* Pods_DoguitosUITests.framework */; };
		6E8B133E540BDFDB68466879 /* Pods_DoguitosTests.framework in Frameworks */ = {isa = PBXBuildFile; fileRef = 2CF2C1B36BE161E2DDEA7B87 /* Pods_DoguitosTests.framework */; };
/* End PBXBuildFile section */

/* Begin PBXContainerItemProxy section */
		22D7A51622C9589A00572802 /* PBXContainerItemProxy */ = {
			isa = PBXContainerItemProxy;
			containerPortal = 22D7A4F922C9589800572802 /* Project object */;
			proxyType = 1;
			remoteGlobalIDString = 22D7A50022C9589800572802;
			remoteInfo = Doguitos;
		};
		22D7A52122C9589A00572802 /* PBXContainerItemProxy */ = {
			isa = PBXContainerItemProxy;
			containerPortal = 22D7A4F922C9589800572802 /* Project object */;
			proxyType = 1;
			remoteGlobalIDString = 22D7A50022C9589800572802;
			remoteInfo = Doguitos;
		};
/* End PBXContainerItemProxy section */

/* Begin PBXFileReference section */
		0941BFFB3400ED331319FC46 /* Pods_DoguitosUITests.framework */ = {isa = PBXFileReference; explicitFileType = wrapper.framework; includeInIndex = 0; path = Pods_DoguitosUITests.framework; sourceTree = BUILT_PRODUCTS_DIR; };
		0EAB07D3B5E905A153D22CE7 /* Pods-DoguitosTests.debug.xcconfig */ = {isa = PBXFileReference; includeInIndex = 1; lastKnownFileType = text.xcconfig; name = "Pods-DoguitosTests.debug.xcconfig"; path = "Pods/Target Support Files/Pods-DoguitosTests/Pods-DoguitosTests.debug.xcconfig"; sourceTree = "<group>"; };
		227F36F622C96B6200365DDA /* SplashController.swift */ = {isa = PBXFileReference; lastKnownFileType = sourcecode.swift; path = SplashController.swift; sourceTree = "<group>"; };
		227F36F822C96B6D00365DDA /* SplashController.xib */ = {isa = PBXFileReference; lastKnownFileType = file.xib; path = SplashController.xib; sourceTree = "<group>"; };
		227F36FA22C96C0800365DDA /* AuthViewModel.swift */ = {isa = PBXFileReference; lastKnownFileType = sourcecode.swift; path = AuthViewModel.swift; sourceTree = "<group>"; };
		227F36FC22C96E0700365DDA /* LoginController.swift */ = {isa = PBXFileReference; lastKnownFileType = sourcecode.swift; path = LoginController.swift; sourceTree = "<group>"; };
		227F36FF22C974D200365DDA /* HomeCoordinator.swift */ = {isa = PBXFileReference; lastKnownFileType = sourcecode.swift; path = HomeCoordinator.swift; sourceTree = "<group>"; };
		227F370122C9757300365DDA /* LoginController.xib */ = {isa = PBXFileReference; lastKnownFileType = file.xib; path = LoginController.xib; sourceTree = "<group>"; };
		227F370422C9777F00365DDA /* AuthenticationCoordinator.swift */ = {isa = PBXFileReference; lastKnownFileType = sourcecode.swift; path = AuthenticationCoordinator.swift; sourceTree = "<group>"; };
		22D7A50122C9589800572802 /* Doguitos.app */ = {isa = PBXFileReference; explicitFileType = wrapper.application; includeInIndex = 0; path = Doguitos.app; sourceTree = BUILT_PRODUCTS_DIR; };
		22D7A50422C9589800572802 /* AppDelegate.swift */ = {isa = PBXFileReference; lastKnownFileType = sourcecode.swift; path = AppDelegate.swift; sourceTree = "<group>"; };
		22D7A50B22C9589900572802 /* Assets.xcassets */ = {isa = PBXFileReference; lastKnownFileType = folder.assetcatalog; path = Assets.xcassets; sourceTree = "<group>"; };
		22D7A50E22C9589900572802 /* Base */ = {isa = PBXFileReference; lastKnownFileType = file.storyboard; name = Base; path = Base.lproj/LaunchScreen.storyboard; sourceTree = "<group>"; };
		22D7A51022C9589900572802 /* Info.plist */ = {isa = PBXFileReference; lastKnownFileType = text.plist.xml; path = Info.plist; sourceTree = "<group>"; };
		22D7A51522C9589A00572802 /* DoguitosTests.xctest */ = {isa = PBXFileReference; explicitFileType = wrapper.cfbundle; includeInIndex = 0; path = DoguitosTests.xctest; sourceTree = BUILT_PRODUCTS_DIR; };
		22D7A51922C9589A00572802 /* DoguitosTests.swift */ = {isa = PBXFileReference; lastKnownFileType = sourcecode.swift; path = DoguitosTests.swift; sourceTree = "<group>"; };
		22D7A51B22C9589A00572802 /* Info.plist */ = {isa = PBXFileReference; lastKnownFileType = text.plist.xml; path = Info.plist; sourceTree = "<group>"; };
		22D7A52022C9589A00572802 /* DoguitosUITests.xctest */ = {isa = PBXFileReference; explicitFileType = wrapper.cfbundle; includeInIndex = 0; path = DoguitosUITests.xctest; sourceTree = BUILT_PRODUCTS_DIR; };
		22D7A52422C9589A00572802 /* DoguitosUITests.swift */ = {isa = PBXFileReference; lastKnownFileType = sourcecode.swift; path = DoguitosUITests.swift; sourceTree = "<group>"; };
		22D7A52622C9589A00572802 /* Info.plist */ = {isa = PBXFileReference; lastKnownFileType = text.plist.xml; path = Info.plist; sourceTree = "<group>"; };
		22D7A53B22C9595100572802 /* UIColor.swift */ = {isa = PBXFileReference; lastKnownFileType = sourcecode.swift; path = UIColor.swift; sourceTree = "<group>"; };
		22D7A53E22C9596400572802 /* BaseController.swift */ = {isa = PBXFileReference; lastKnownFileType = sourcecode.swift; path = BaseController.swift; sourceTree = "<group>"; };
		22D7A54222C9597D00572802 /* APIManager.swift */ = {isa = PBXFileReference; lastKnownFileType = sourcecode.swift; path = APIManager.swift; sourceTree = "<group>"; };
		22D7A54422C9599100572802 /* UserRealm.swift */ = {isa = PBXFileReference; lastKnownFileType = sourcecode.swift; path = UserRealm.swift; sourceTree = "<group>"; };
		22D7A54622C9599B00572802 /* Dogs.swift */ = {isa = PBXFileReference; lastKnownFileType = sourcecode.swift; path = Dogs.swift; sourceTree = "<group>"; };
		22D7A54822C959A700572802 /* Coordinator.swift */ = {isa = PBXFileReference; lastKnownFileType = sourcecode.swift; path = Coordinator.swift; sourceTree = "<group>"; };
		22D7A54F22C95A3700572802 /* RealmManager.swift */ = {isa = PBXFileReference; lastKnownFileType = sourcecode.swift; path = RealmManager.swift; sourceTree = "<group>"; };
		22D7A55122C95A5A00572802 /* AuthManager.swift */ = {isa = PBXFileReference; lastKnownFileType = sourcecode.swift; path = AuthManager.swift; sourceTree = "<group>"; };
		22D7A55322C95A6400572802 /* DogsManager.swift */ = {isa = PBXFileReference; lastKnownFileType = sourcecode.swift; path = DogsManager.swift; sourceTree = "<group>"; };
		22D7A55622C95ADC00572802 /* AppCoordinator.swift */ = {isa = PBXFileReference; lastKnownFileType = sourcecode.swift; path = AppCoordinator.swift; sourceTree = "<group>"; };
		2CF2C1B36BE161E2DDEA7B87 /* Pods_DoguitosTests.framework */ = {isa = PBXFileReference; explicitFileType = wrapper.framework; includeInIndex = 0; path = Pods_DoguitosTests.framework; sourceTree = BUILT_PRODUCTS_DIR; };
		4B2FBDBB7541C86BF09EEC06 /* Pods-DoguitosTests.release.xcconfig */ = {isa = PBXFileReference; includeInIndex = 1; lastKnownFileType = text.xcconfig; name = "Pods-DoguitosTests.release.xcconfig"; path = "Pods/Target Support Files/Pods-DoguitosTests/Pods-DoguitosTests.release.xcconfig"; sourceTree = "<group>"; };
		5FFAC6E068CC1B18CDA454FA /* Pods_Doguitos.framework */ = {isa = PBXFileReference; explicitFileType = wrapper.framework; includeInIndex = 0; path = Pods_Doguitos.framework; sourceTree = BUILT_PRODUCTS_DIR; };
		616595DCE32A97C8A4BC0573 /* Pods-Doguitos.debug.xcconfig */ = {isa = PBXFileReference; includeInIndex = 1; lastKnownFileType = text.xcconfig; name = "Pods-Doguitos.debug.xcconfig"; path = "Pods/Target Support Files/Pods-Doguitos/Pods-Doguitos.debug.xcconfig"; sourceTree = "<group>"; };
		B14EDD5D965A0F034C10D030 /* Pods-DoguitosUITests.debug.xcconfig */ = {isa = PBXFileReference; includeInIndex = 1; lastKnownFileType = text.xcconfig; name = "Pods-DoguitosUITests.debug.xcconfig"; path = "Pods/Target Support Files/Pods-DoguitosUITests/Pods-DoguitosUITests.debug.xcconfig"; sourceTree = "<group>"; };
		E0B1309966E8F5F42E0198D2 /* Pods-DoguitosUITests.release.xcconfig */ = {isa = PBXFileReference; includeInIndex = 1; lastKnownFileType = text.xcconfig; name = "Pods-DoguitosUITests.release.xcconfig"; path = "Pods/Target Support Files/Pods-DoguitosUITests/Pods-DoguitosUITests.release.xcconfig"; sourceTree = "<group>"; };
		FCF9FB37DE85BFB4C4D53B30 /* Pods-Doguitos.release.xcconfig */ = {isa = PBXFileReference; includeInIndex = 1; lastKnownFileType = text.xcconfig; name = "Pods-Doguitos.release.xcconfig"; path = "Pods/Target Support Files/Pods-Doguitos/Pods-Doguitos.release.xcconfig"; sourceTree = "<group>"; };
/* End PBXFileReference section */

/* Begin PBXFrameworksBuildPhase section */
		22D7A4FE22C9589800572802 /* Frameworks */ = {
			isa = PBXFrameworksBuildPhase;
			buildActionMask = 2147483647;
			files = (
				423AC5EF7D86A706E6593651 /* Pods_Doguitos.framework in Frameworks */,
			);
			runOnlyForDeploymentPostprocessing = 0;
		};
		22D7A51222C9589A00572802 /* Frameworks */ = {
			isa = PBXFrameworksBuildPhase;
			buildActionMask = 2147483647;
			files = (
				6E8B133E540BDFDB68466879 /* Pods_DoguitosTests.framework in Frameworks */,
			);
			runOnlyForDeploymentPostprocessing = 0;
		};
		22D7A51D22C9589A00572802 /* Frameworks */ = {
			isa = PBXFrameworksBuildPhase;
			buildActionMask = 2147483647;
			files = (
				68C0A86495847468C447856C /* Pods_DoguitosUITests.framework in Frameworks */,
			);
			runOnlyForDeploymentPostprocessing = 0;
		};
/* End PBXFrameworksBuildPhase section */

/* Begin PBXGroup section */
		227F36F322C96B3B00365DDA /* Authentication */ = {
			isa = PBXGroup;
			children = (
				227F36FA22C96C0800365DDA /* AuthViewModel.swift */,
				227F36F422C96B4C00365DDA /* Splash */,
				227F36F522C96B5300365DDA /* Login */,
			);
			path = Authentication;
			sourceTree = "<group>";
		};
		227F36F422C96B4C00365DDA /* Splash */ = {
			isa = PBXGroup;
			children = (
				227F36F822C96B6D00365DDA /* SplashController.xib */,
				227F36F622C96B6200365DDA /* SplashController.swift */,
			);
			path = Splash;
			sourceTree = "<group>";
		};
		227F36F522C96B5300365DDA /* Login */ = {
			isa = PBXGroup;
			children = (
				227F370122C9757300365DDA /* LoginController.xib */,
				227F36FC22C96E0700365DDA /* LoginController.swift */,
			);
			path = Login;
			sourceTree = "<group>";
		};
		227F36FE22C974C600365DDA /* Home */ = {
			isa = PBXGroup;
			children = (
				227F36FF22C974D200365DDA /* HomeCoordinator.swift */,
			);
			path = Home;
			sourceTree = "<group>";
		};
		227F370322C9776D00365DDA /* Authentication */ = {
			isa = PBXGroup;
			children = (
				227F370422C9777F00365DDA /* AuthenticationCoordinator.swift */,
			);
			path = Authentication;
			sourceTree = "<group>";
		};
		22D7A4F822C9589800572802 = {
			isa = PBXGroup;
			children = (
				22D7A50322C9589800572802 /* Doguitos */,
				22D7A51822C9589A00572802 /* DoguitosTests */,
				22D7A52322C9589A00572802 /* DoguitosUITests */,
				22D7A50222C9589800572802 /* Products */,
				4EB59383A4BC50E029962018 /* Pods */,
				991132B2B0C5C128AC2DE872 /* Frameworks */,
			);
			sourceTree = "<group>";
		};
		22D7A50222C9589800572802 /* Products */ = {
			isa = PBXGroup;
			children = (
				22D7A50122C9589800572802 /* Doguitos.app */,
				22D7A51522C9589A00572802 /* DoguitosTests.xctest */,
				22D7A52022C9589A00572802 /* DoguitosUITests.xctest */,
			);
			name = Products;
			sourceTree = "<group>";
		};
		22D7A50322C9589800572802 /* Doguitos */ = {
			isa = PBXGroup;
			children = (
				22D7A53722C9590A00572802 /* Core */,
				22D7A53422C958DE00572802 /* Coordinators */,
				22D7A53622C958FF00572802 /* Services */,
				22D7A53522C958E300572802 /* Utils */,
				22D7A53322C958DB00572802 /* Scenes */,
				22D7A53222C958D900572802 /* Resources */,
				22D7A51022C9589900572802 /* Info.plist */,
			);
			path = Doguitos;
			sourceTree = "<group>";
		};
		22D7A51822C9589A00572802 /* DoguitosTests */ = {
			isa = PBXGroup;
			children = (
				22D7A51922C9589A00572802 /* DoguitosTests.swift */,
				22D7A51B22C9589A00572802 /* Info.plist */,
			);
			path = DoguitosTests;
			sourceTree = "<group>";
		};
		22D7A52322C9589A00572802 /* DoguitosUITests */ = {
			isa = PBXGroup;
			children = (
				22D7A52422C9589A00572802 /* DoguitosUITests.swift */,
				22D7A52622C9589A00572802 /* Info.plist */,
			);
			path = DoguitosUITests;
			sourceTree = "<group>";
		};
		22D7A53222C958D900572802 /* Resources */ = {
			isa = PBXGroup;
			children = (
				22D7A53922C9592A00572802 /* Storyboards */,
				22D7A53822C9591D00572802 /* Images */,
			);
			path = Resources;
			sourceTree = "<group>";
		};
		22D7A53322C958DB00572802 /* Scenes */ = {
			isa = PBXGroup;
			children = (
				22D7A53D22C9595B00572802 /* App */,
				227F36F322C96B3B00365DDA /* Authentication */,
			);
			path = Scenes;
			sourceTree = "<group>";
		};
		22D7A53422C958DE00572802 /* Coordinators */ = {
			isa = PBXGroup;
			children = (
				22D7A54822C959A700572802 /* Coordinator.swift */,
				22D7A55522C95AD200572802 /* App */,
				227F370322C9776D00365DDA /* Authentication */,
				227F36FE22C974C600365DDA /* Home */,
			);
			path = Coordinators;
			sourceTree = "<group>";
		};
		22D7A53522C958E300572802 /* Utils */ = {
			isa = PBXGroup;
			children = (
				22D7A53A22C9594300572802 /* Extensions */,
			);
			path = Utils;
			sourceTree = "<group>";
		};
		22D7A53622C958FF00572802 /* Services */ = {
			isa = PBXGroup;
			children = (
				22D7A54C22C959FE00572802 /* Realm */,
				22D7A54A22C959ED00572802 /* API */,
			);
			path = Services;
			sourceTree = "<group>";
		};
		22D7A53722C9590A00572802 /* Core */ = {
			isa = PBXGroup;
			children = (
				22D7A50422C9589800572802 /* AppDelegate.swift */,
			);
			path = Core;
			sourceTree = "<group>";
		};
		22D7A53822C9591D00572802 /* Images */ = {
			isa = PBXGroup;
			children = (
				22D7A50B22C9589900572802 /* Assets.xcassets */,
			);
			path = Images;
			sourceTree = "<group>";
		};
		22D7A53922C9592A00572802 /* Storyboards */ = {
			isa = PBXGroup;
			children = (
				22D7A50D22C9589900572802 /* LaunchScreen.storyboard */,
			);
			path = Storyboards;
			sourceTree = "<group>";
		};
		22D7A53A22C9594300572802 /* Extensions */ = {
			isa = PBXGroup;
			children = (
				22D7A53B22C9595100572802 /* UIColor.swift */,
			);
			path = Extensions;
			sourceTree = "<group>";
		};
		22D7A53D22C9595B00572802 /* App */ = {
			isa = PBXGroup;
			children = (
				22D7A53E22C9596400572802 /* BaseController.swift */,
			);
			path = App;
			sourceTree = "<group>";
		};
		22D7A54022C9596C00572802 /* Models */ = {
			isa = PBXGroup;
			children = (
				22D7A54622C9599B00572802 /* Dogs.swift */,
			);
			path = Models;
			sourceTree = "<group>";
		};
		22D7A54122C9597100572802 /* Managers */ = {
			isa = PBXGroup;
			children = (
				22D7A54222C9597D00572802 /* APIManager.swift */,
				22D7A55122C95A5A00572802 /* AuthManager.swift */,
				22D7A55322C95A6400572802 /* DogsManager.swift */,
			);
			path = Managers;
			sourceTree = "<group>";
		};
		22D7A54A22C959ED00572802 /* API */ = {
			isa = PBXGroup;
			children = (
				22D7A54022C9596C00572802 /* Models */,
				22D7A54122C9597100572802 /* Managers */,
			);
			path = API;
			sourceTree = "<group>";
		};
		22D7A54C22C959FE00572802 /* Realm */ = {
			isa = PBXGroup;
			children = (
				22D7A54D22C95A0400572802 /* Models */,
				22D7A54E22C95A0600572802 /* Manager */,
			);
			path = Realm;
			sourceTree = "<group>";
		};
		22D7A54D22C95A0400572802 /* Models */ = {
			isa = PBXGroup;
			children = (
				22D7A54422C9599100572802 /* UserRealm.swift */,
			);
			path = Models;
			sourceTree = "<group>";
		};
		22D7A54E22C95A0600572802 /* Manager */ = {
			isa = PBXGroup;
			children = (
				22D7A54F22C95A3700572802 /* RealmManager.swift */,
			);
			path = Manager;
			sourceTree = "<group>";
		};
		22D7A55522C95AD200572802 /* App */ = {
			isa = PBXGroup;
			children = (
				22D7A55622C95ADC00572802 /* AppCoordinator.swift */,
			);
			path = App;
			sourceTree = "<group>";
		};
		4EB59383A4BC50E029962018 /* Pods */ = {
			isa = PBXGroup;
			children = (
				616595DCE32A97C8A4BC0573 /* Pods-Doguitos.debug.xcconfig */,
				FCF9FB37DE85BFB4C4D53B30 /* Pods-Doguitos.release.xcconfig */,
				0EAB07D3B5E905A153D22CE7 /* Pods-DoguitosTests.debug.xcconfig */,
				4B2FBDBB7541C86BF09EEC06 /* Pods-DoguitosTests.release.xcconfig */,
				B14EDD5D965A0F034C10D030 /* Pods-DoguitosUITests.debug.xcconfig */,
				E0B1309966E8F5F42E0198D2 /* Pods-DoguitosUITests.release.xcconfig */,
			);
			name = Pods;
			sourceTree = "<group>";
		};
		991132B2B0C5C128AC2DE872 /* Frameworks */ = {
			isa = PBXGroup;
			children = (
				5FFAC6E068CC1B18CDA454FA /* Pods_Doguitos.framework */,
				2CF2C1B36BE161E2DDEA7B87 /* Pods_DoguitosTests.framework */,
				0941BFFB3400ED331319FC46 /* Pods_DoguitosUITests.framework */,
			);
			name = Frameworks;
			sourceTree = "<group>";
		};
/* End PBXGroup section */

/* Begin PBXNativeTarget section */
		22D7A50022C9589800572802 /* Doguitos */ = {
			isa = PBXNativeTarget;
			buildConfigurationList = 22D7A52922C9589A00572802 /* Build configuration list for PBXNativeTarget "Doguitos" */;
			buildPhases = (
				83FBDF1D08AC33FE5052482E /* [CP] Check Pods Manifest.lock */,
				22D7A4FD22C9589800572802 /* Sources */,
				22D7A4FE22C9589800572802 /* Frameworks */,
				22D7A4FF22C9589800572802 /* Resources */,
				FC0EAB51A94AC898996DCAD9 /* [CP] Embed Pods Frameworks */,
			);
			buildRules = (
			);
			dependencies = (
			);
			name = Doguitos;
			productName = Doguitos;
			productReference = 22D7A50122C9589800572802 /* Doguitos.app */;
			productType = "com.apple.product-type.application";
		};
		22D7A51422C9589A00572802 /* DoguitosTests */ = {
			isa = PBXNativeTarget;
			buildConfigurationList = 22D7A52C22C9589A00572802 /* Build configuration list for PBXNativeTarget "DoguitosTests" */;
			buildPhases = (
				FA0321A48AFA7F6C85DE9C26 /* [CP] Check Pods Manifest.lock */,
				22D7A51122C9589A00572802 /* Sources */,
				22D7A51222C9589A00572802 /* Frameworks */,
				22D7A51322C9589A00572802 /* Resources */,
			);
			buildRules = (
			);
			dependencies = (
				22D7A51722C9589A00572802 /* PBXTargetDependency */,
			);
			name = DoguitosTests;
			productName = DoguitosTests;
			productReference = 22D7A51522C9589A00572802 /* DoguitosTests.xctest */;
			productType = "com.apple.product-type.bundle.unit-test";
		};
		22D7A51F22C9589A00572802 /* DoguitosUITests */ = {
			isa = PBXNativeTarget;
			buildConfigurationList = 22D7A52F22C9589A00572802 /* Build configuration list for PBXNativeTarget "DoguitosUITests" */;
			buildPhases = (
				1C876339D524167F78A58E27 /* [CP] Check Pods Manifest.lock */,
				22D7A51C22C9589A00572802 /* Sources */,
				22D7A51D22C9589A00572802 /* Frameworks */,
				22D7A51E22C9589A00572802 /* Resources */,
			);
			buildRules = (
			);
			dependencies = (
				22D7A52222C9589A00572802 /* PBXTargetDependency */,
			);
			name = DoguitosUITests;
			productName = DoguitosUITests;
			productReference = 22D7A52022C9589A00572802 /* DoguitosUITests.xctest */;
			productType = "com.apple.product-type.bundle.ui-testing";
		};
/* End PBXNativeTarget section */

/* Begin PBXProject section */
		22D7A4F922C9589800572802 /* Project object */ = {
			isa = PBXProject;
			attributes = {
				LastSwiftUpdateCheck = 1020;
				LastUpgradeCheck = 1020;
				ORGANIZATIONNAME = Sam;
				TargetAttributes = {
					22D7A50022C9589800572802 = {
						CreatedOnToolsVersion = 10.2.1;
					};
					22D7A51422C9589A00572802 = {
						CreatedOnToolsVersion = 10.2.1;
						TestTargetID = 22D7A50022C9589800572802;
					};
					22D7A51F22C9589A00572802 = {
						CreatedOnToolsVersion = 10.2.1;
						TestTargetID = 22D7A50022C9589800572802;
					};
				};
			};
			buildConfigurationList = 22D7A4FC22C9589800572802 /* Build configuration list for PBXProject "Doguitos" */;
			compatibilityVersion = "Xcode 9.3";
			developmentRegion = en;
			hasScannedForEncodings = 0;
			knownRegions = (
				en,
				Base,
			);
			mainGroup = 22D7A4F822C9589800572802;
			productRefGroup = 22D7A50222C9589800572802 /* Products */;
			projectDirPath = "";
			projectRoot = "";
			targets = (
				22D7A50022C9589800572802 /* Doguitos */,
				22D7A51422C9589A00572802 /* DoguitosTests */,
				22D7A51F22C9589A00572802 /* DoguitosUITests */,
			);
		};
/* End PBXProject section */

/* Begin PBXResourcesBuildPhase section */
		22D7A4FF22C9589800572802 /* Resources */ = {
			isa = PBXResourcesBuildPhase;
			buildActionMask = 2147483647;
			files = (
				22D7A50F22C9589900572802 /* LaunchScreen.storyboard in Resources */,
				227F370222C9757300365DDA /* LoginController.xib in Resources */,
				22D7A50C22C9589900572802 /* Assets.xcassets in Resources */,
				227F36F922C96B6D00365DDA /* SplashController.xib in Resources */,
			);
			runOnlyForDeploymentPostprocessing = 0;
		};
		22D7A51322C9589A00572802 /* Resources */ = {
			isa = PBXResourcesBuildPhase;
			buildActionMask = 2147483647;
			files = (
			);
			runOnlyForDeploymentPostprocessing = 0;
		};
		22D7A51E22C9589A00572802 /* Resources */ = {
			isa = PBXResourcesBuildPhase;
			buildActionMask = 2147483647;
			files = (
			);
			runOnlyForDeploymentPostprocessing = 0;
		};
/* End PBXResourcesBuildPhase section */

/* Begin PBXShellScriptBuildPhase section */
		1C876339D524167F78A58E27 /* [CP] Check Pods Manifest.lock */ = {
			isa = PBXShellScriptBuildPhase;
			buildActionMask = 2147483647;
			files = (
			);
			inputFileListPaths = (
			);
			inputPaths = (
				"${PODS_PODFILE_DIR_PATH}/Podfile.lock",
				"${PODS_ROOT}/Manifest.lock",
			);
			name = "[CP] Check Pods Manifest.lock";
			outputFileListPaths = (
			);
			outputPaths = (
				"$(DERIVED_FILE_DIR)/Pods-DoguitosUITests-checkManifestLockResult.txt",
			);
			runOnlyForDeploymentPostprocessing = 0;
			shellPath = /bin/sh;
			shellScript = "diff \"${PODS_PODFILE_DIR_PATH}/Podfile.lock\" \"${PODS_ROOT}/Manifest.lock\" > /dev/null\nif [ $? != 0 ] ; then\n    # print error to STDERR\n    echo \"error: The sandbox is not in sync with the Podfile.lock. Run 'pod install' or update your CocoaPods installation.\" >&2\n    exit 1\nfi\n# This output is used by Xcode 'outputs' to avoid re-running this script phase.\necho \"SUCCESS\" > \"${SCRIPT_OUTPUT_FILE_0}\"\n";
			showEnvVarsInLog = 0;
		};
		83FBDF1D08AC33FE5052482E /* [CP] Check Pods Manifest.lock */ = {
			isa = PBXShellScriptBuildPhase;
			buildActionMask = 2147483647;
			files = (
			);
			inputFileListPaths = (
			);
			inputPaths = (
				"${PODS_PODFILE_DIR_PATH}/Podfile.lock",
				"${PODS_ROOT}/Manifest.lock",
			);
			name = "[CP] Check Pods Manifest.lock";
			outputFileListPaths = (
			);
			outputPaths = (
				"$(DERIVED_FILE_DIR)/Pods-Doguitos-checkManifestLockResult.txt",
			);
			runOnlyForDeploymentPostprocessing = 0;
			shellPath = /bin/sh;
			shellScript = "diff \"${PODS_PODFILE_DIR_PATH}/Podfile.lock\" \"${PODS_ROOT}/Manifest.lock\" > /dev/null\nif [ $? != 0 ] ; then\n    # print error to STDERR\n    echo \"error: The sandbox is not in sync with the Podfile.lock. Run 'pod install' or update your CocoaPods installation.\" >&2\n    exit 1\nfi\n# This output is used by Xcode 'outputs' to avoid re-running this script phase.\necho \"SUCCESS\" > \"${SCRIPT_OUTPUT_FILE_0}\"\n";
			showEnvVarsInLog = 0;
		};
		FA0321A48AFA7F6C85DE9C26 /* [CP] Check Pods Manifest.lock */ = {
			isa = PBXShellScriptBuildPhase;
			buildActionMask = 2147483647;
			files = (
			);
			inputFileListPaths = (
			);
			inputPaths = (
				"${PODS_PODFILE_DIR_PATH}/Podfile.lock",
				"${PODS_ROOT}/Manifest.lock",
			);
			name = "[CP] Check Pods Manifest.lock";
			outputFileListPaths = (
			);
			outputPaths = (
				"$(DERIVED_FILE_DIR)/Pods-DoguitosTests-checkManifestLockResult.txt",
			);
			runOnlyForDeploymentPostprocessing = 0;
			shellPath = /bin/sh;
			shellScript = "diff \"${PODS_PODFILE_DIR_PATH}/Podfile.lock\" \"${PODS_ROOT}/Manifest.lock\" > /dev/null\nif [ $? != 0 ] ; then\n    # print error to STDERR\n    echo \"error: The sandbox is not in sync with the Podfile.lock. Run 'pod install' or update your CocoaPods installation.\" >&2\n    exit 1\nfi\n# This output is used by Xcode 'outputs' to avoid re-running this script phase.\necho \"SUCCESS\" > \"${SCRIPT_OUTPUT_FILE_0}\"\n";
			showEnvVarsInLog = 0;
		};
		FC0EAB51A94AC898996DCAD9 /* [CP] Embed Pods Frameworks */ = {
			isa = PBXShellScriptBuildPhase;
			buildActionMask = 2147483647;
			files = (
			);
			inputFileListPaths = (
			);
			inputPaths = (
				"${SRCROOT}/Pods/Target Support Files/Pods-Doguitos/Pods-Doguitos-frameworks.sh",
				"${BUILT_PRODUCTS_DIR}/Alamofire/Alamofire.framework",
				"${BUILT_PRODUCTS_DIR}/IQKeyboardManagerSwift/IQKeyboardManagerSwift.framework",
				"${BUILT_PRODUCTS_DIR}/Realm/Realm.framework",
				"${BUILT_PRODUCTS_DIR}/RealmSwift/RealmSwift.framework",
				"${BUILT_PRODUCTS_DIR}/SDWebImage/SDWebImage.framework",
			);
			name = "[CP] Embed Pods Frameworks";
			outputFileListPaths = (
			);
			outputPaths = (
				"${TARGET_BUILD_DIR}/${FRAMEWORKS_FOLDER_PATH}/Alamofire.framework",
				"${TARGET_BUILD_DIR}/${FRAMEWORKS_FOLDER_PATH}/IQKeyboardManagerSwift.framework",
				"${TARGET_BUILD_DIR}/${FRAMEWORKS_FOLDER_PATH}/Realm.framework",
				"${TARGET_BUILD_DIR}/${FRAMEWORKS_FOLDER_PATH}/RealmSwift.framework",
				"${TARGET_BUILD_DIR}/${FRAMEWORKS_FOLDER_PATH}/SDWebImage.framework",
			);
			runOnlyForDeploymentPostprocessing = 0;
			shellPath = /bin/sh;
			shellScript = "\"${SRCROOT}/Pods/Target Support Files/Pods-Doguitos/Pods-Doguitos-frameworks.sh\"\n";
			showEnvVarsInLog = 0;
		};
/* End PBXShellScriptBuildPhase section */

/* Begin PBXSourcesBuildPhase section */
		22D7A4FD22C9589800572802 /* Sources */ = {
			isa = PBXSourcesBuildPhase;
			buildActionMask = 2147483647;
			files = (
				22D7A55722C95ADC00572802 /* AppCoordinator.swift in Sources */,
				22D7A54322C9597D00572802 /* APIManager.swift in Sources */,
				22D7A55222C95A5A00572802 /* AuthManager.swift in Sources */,
				22D7A55022C95A3700572802 /* RealmManager.swift in Sources */,
				22D7A50522C9589800572802 /* AppDelegate.swift in Sources */,
				22D7A53F22C9596400572802 /* BaseController.swift in Sources */,
				22D7A54522C9599100572802 /* UserRealm.swift in Sources */,
				227F370022C974D200365DDA /* HomeCoordinator.swift in Sources */,
				22D7A54722C9599B00572802 /* Dogs.swift in Sources */,
				227F36F722C96B6200365DDA /* SplashController.swift in Sources */,
				22D7A53C22C9595100572802 /* UIColor.swift in Sources */,
				22D7A55422C95A6400572802 /* DogsManager.swift in Sources */,
				227F36FB22C96C0800365DDA /* AuthViewModel.swift in Sources */,
				22D7A54922C959A700572802 /* Coordinator.swift in Sources */,
				227F370522C9777F00365DDA /* AuthenticationCoordinator.swift in Sources */,
				227F36FD22C96E0700365DDA /* LoginController.swift in Sources */,
			);
			runOnlyForDeploymentPostprocessing = 0;
		};
		22D7A51122C9589A00572802 /* Sources */ = {
			isa = PBXSourcesBuildPhase;
			buildActionMask = 2147483647;
			files = (
				22D7A51A22C9589A00572802 /* DoguitosTests.swift in Sources */,
			);
			runOnlyForDeploymentPostprocessing = 0;
		};
		22D7A51C22C9589A00572802 /* Sources */ = {
			isa = PBXSourcesBuildPhase;
			buildActionMask = 2147483647;
			files = (
				22D7A52522C9589A00572802 /* DoguitosUITests.swift in Sources */,
			);
			runOnlyForDeploymentPostprocessing = 0;
		};
/* End PBXSourcesBuildPhase section */

/* Begin PBXTargetDependency section */
		22D7A51722C9589A00572802 /* PBXTargetDependency */ = {
			isa = PBXTargetDependency;
			target = 22D7A50022C9589800572802 /* Doguitos */;
			targetProxy = 22D7A51622C9589A00572802 /* PBXContainerItemProxy */;
		};
		22D7A52222C9589A00572802 /* PBXTargetDependency */ = {
			isa = PBXTargetDependency;
			target = 22D7A50022C9589800572802 /* Doguitos */;
			targetProxy = 22D7A52122C9589A00572802 /* PBXContainerItemProxy */;
		};
/* End PBXTargetDependency section */

/* Begin PBXVariantGroup section */
		22D7A50D22C9589900572802 /* LaunchScreen.storyboard */ = {
			isa = PBXVariantGroup;
			children = (
				22D7A50E22C9589900572802 /* Base */,
			);
			name = LaunchScreen.storyboard;
			sourceTree = "<group>";
		};
/* End PBXVariantGroup section */

/* Begin XCBuildConfiguration section */
		22D7A52722C9589A00572802 /* Debug */ = {
			isa = XCBuildConfiguration;
			buildSettings = {
				ALWAYS_SEARCH_USER_PATHS = NO;
				CLANG_ANALYZER_NONNULL = YES;
				CLANG_ANALYZER_NUMBER_OBJECT_CONVERSION = YES_AGGRESSIVE;
				CLANG_CXX_LANGUAGE_STANDARD = "gnu++14";
				CLANG_CXX_LIBRARY = "libc++";
				CLANG_ENABLE_MODULES = YES;
				CLANG_ENABLE_OBJC_ARC = YES;
				CLANG_ENABLE_OBJC_WEAK = YES;
				CLANG_WARN_BLOCK_CAPTURE_AUTORELEASING = YES;
				CLANG_WARN_BOOL_CONVERSION = YES;
				CLANG_WARN_COMMA = YES;
				CLANG_WARN_CONSTANT_CONVERSION = YES;
				CLANG_WARN_DEPRECATED_OBJC_IMPLEMENTATIONS = YES;
				CLANG_WARN_DIRECT_OBJC_ISA_USAGE = YES_ERROR;
				CLANG_WARN_DOCUMENTATION_COMMENTS = YES;
				CLANG_WARN_EMPTY_BODY = YES;
				CLANG_WARN_ENUM_CONVERSION = YES;
				CLANG_WARN_INFINITE_RECURSION = YES;
				CLANG_WARN_INT_CONVERSION = YES;
				CLANG_WARN_NON_LITERAL_NULL_CONVERSION = YES;
				CLANG_WARN_OBJC_IMPLICIT_RETAIN_SELF = YES;
				CLANG_WARN_OBJC_LITERAL_CONVERSION = YES;
				CLANG_WARN_OBJC_ROOT_CLASS = YES_ERROR;
				CLANG_WARN_RANGE_LOOP_ANALYSIS = YES;
				CLANG_WARN_STRICT_PROTOTYPES = YES;
				CLANG_WARN_SUSPICIOUS_MOVE = YES;
				CLANG_WARN_UNGUARDED_AVAILABILITY = YES_AGGRESSIVE;
				CLANG_WARN_UNREACHABLE_CODE = YES;
				CLANG_WARN__DUPLICATE_METHOD_MATCH = YES;
				CODE_SIGN_IDENTITY = "iPhone Developer";
				COPY_PHASE_STRIP = NO;
				DEBUG_INFORMATION_FORMAT = dwarf;
				ENABLE_STRICT_OBJC_MSGSEND = YES;
				ENABLE_TESTABILITY = YES;
				GCC_C_LANGUAGE_STANDARD = gnu11;
				GCC_DYNAMIC_NO_PIC = NO;
				GCC_NO_COMMON_BLOCKS = YES;
				GCC_OPTIMIZATION_LEVEL = 0;
				GCC_PREPROCESSOR_DEFINITIONS = (
					"DEBUG=1",
					"$(inherited)",
				);
				GCC_WARN_64_TO_32_BIT_CONVERSION = YES;
				GCC_WARN_ABOUT_RETURN_TYPE = YES_ERROR;
				GCC_WARN_UNDECLARED_SELECTOR = YES;
				GCC_WARN_UNINITIALIZED_AUTOS = YES_AGGRESSIVE;
				GCC_WARN_UNUSED_FUNCTION = YES;
				GCC_WARN_UNUSED_VARIABLE = YES;
				IPHONEOS_DEPLOYMENT_TARGET = 12.2;
				MTL_ENABLE_DEBUG_INFO = INCLUDE_SOURCE;
				MTL_FAST_MATH = YES;
				ONLY_ACTIVE_ARCH = YES;
				SDKROOT = iphoneos;
				SWIFT_ACTIVE_COMPILATION_CONDITIONS = DEBUG;
				SWIFT_OPTIMIZATION_LEVEL = "-Onone";
			};
			name = Debug;
		};
		22D7A52822C9589A00572802 /* Release */ = {
			isa = XCBuildConfiguration;
			buildSettings = {
				ALWAYS_SEARCH_USER_PATHS = NO;
				CLANG_ANALYZER_NONNULL = YES;
				CLANG_ANALYZER_NUMBER_OBJECT_CONVERSION = YES_AGGRESSIVE;
				CLANG_CXX_LANGUAGE_STANDARD = "gnu++14";
				CLANG_CXX_LIBRARY = "libc++";
				CLANG_ENABLE_MODULES = YES;
				CLANG_ENABLE_OBJC_ARC = YES;
				CLANG_ENABLE_OBJC_WEAK = YES;
				CLANG_WARN_BLOCK_CAPTURE_AUTORELEASING = YES;
				CLANG_WARN_BOOL_CONVERSION = YES;
				CLANG_WARN_COMMA = YES;
				CLANG_WARN_CONSTANT_CONVERSION = YES;
				CLANG_WARN_DEPRECATED_OBJC_IMPLEMENTATIONS = YES;
				CLANG_WARN_DIRECT_OBJC_ISA_USAGE = YES_ERROR;
				CLANG_WARN_DOCUMENTATION_COMMENTS = YES;
				CLANG_WARN_EMPTY_BODY = YES;
				CLANG_WARN_ENUM_CONVERSION = YES;
				CLANG_WARN_INFINITE_RECURSION = YES;
				CLANG_WARN_INT_CONVERSION = YES;
				CLANG_WARN_NON_LITERAL_NULL_CONVERSION = YES;
				CLANG_WARN_OBJC_IMPLICIT_RETAIN_SELF = YES;
				CLANG_WARN_OBJC_LITERAL_CONVERSION = YES;
				CLANG_WARN_OBJC_ROOT_CLASS = YES_ERROR;
				CLANG_WARN_RANGE_LOOP_ANALYSIS = YES;
				CLANG_WARN_STRICT_PROTOTYPES = YES;
				CLANG_WARN_SUSPICIOUS_MOVE = YES;
				CLANG_WARN_UNGUARDED_AVAILABILITY = YES_AGGRESSIVE;
				CLANG_WARN_UNREACHABLE_CODE = YES;
				CLANG_WARN__DUPLICATE_METHOD_MATCH = YES;
				CODE_SIGN_IDENTITY = "iPhone Developer";
				COPY_PHASE_STRIP = NO;
				DEBUG_INFORMATION_FORMAT = "dwarf-with-dsym";
				ENABLE_NS_ASSERTIONS = NO;
				ENABLE_STRICT_OBJC_MSGSEND = YES;
				GCC_C_LANGUAGE_STANDARD = gnu11;
				GCC_NO_COMMON_BLOCKS = YES;
				GCC_WARN_64_TO_32_BIT_CONVERSION = YES;
				GCC_WARN_ABOUT_RETURN_TYPE = YES_ERROR;
				GCC_WARN_UNDECLARED_SELECTOR = YES;
				GCC_WARN_UNINITIALIZED_AUTOS = YES_AGGRESSIVE;
				GCC_WARN_UNUSED_FUNCTION = YES;
				GCC_WARN_UNUSED_VARIABLE = YES;
				IPHONEOS_DEPLOYMENT_TARGET = 12.2;
				MTL_ENABLE_DEBUG_INFO = NO;
				MTL_FAST_MATH = YES;
				SDKROOT = iphoneos;
				SWIFT_COMPILATION_MODE = wholemodule;
				SWIFT_OPTIMIZATION_LEVEL = "-O";
				VALIDATE_PRODUCT = YES;
			};
			name = Release;
		};
		22D7A52A22C9589A00572802 /* Debug */ = {
			isa = XCBuildConfiguration;
			baseConfigurationReference = 616595DCE32A97C8A4BC0573 /* Pods-Doguitos.debug.xcconfig */;
			buildSettings = {
				ASSETCATALOG_COMPILER_APPICON_NAME = AppIcon;
				CODE_SIGN_STYLE = Automatic;
				DEVELOPMENT_TEAM = WR4H64LH2K;
				INFOPLIST_FILE = Doguitos/Info.plist;
				LD_RUNPATH_SEARCH_PATHS = (
					"$(inherited)",
					"@executable_path/Frameworks",
				);
				PRODUCT_BUNDLE_IDENTIFIER = sccrn.Doguitos;
				PRODUCT_NAME = "$(TARGET_NAME)";
				SWIFT_VERSION = 5.0;
				TARGETED_DEVICE_FAMILY = "1,2";
			};
			name = Debug;
		};
		22D7A52B22C9589A00572802 /* Release */ = {
			isa = XCBuildConfiguration;
			baseConfigurationReference = FCF9FB37DE85BFB4C4D53B30 /* Pods-Doguitos.release.xcconfig */;
			buildSettings = {
				ASSETCATALOG_COMPILER_APPICON_NAME = AppIcon;
				CODE_SIGN_STYLE = Automatic;
				DEVELOPMENT_TEAM = WR4H64LH2K;
				INFOPLIST_FILE = Doguitos/Info.plist;
				LD_RUNPATH_SEARCH_PATHS = (
					"$(inherited)",
					"@executable_path/Frameworks",
				);
				PRODUCT_BUNDLE_IDENTIFIER = sccrn.Doguitos;
				PRODUCT_NAME = "$(TARGET_NAME)";
				SWIFT_VERSION = 5.0;
				TARGETED_DEVICE_FAMILY = "1,2";
			};
			name = Release;
		};
		22D7A52D22C9589A00572802 /* Debug */ = {
			isa = XCBuildConfiguration;
			baseConfigurationReference = 0EAB07D3B5E905A153D22CE7 /* Pods-DoguitosTests.debug.xcconfig */;
			buildSettings = {
				ALWAYS_EMBED_SWIFT_STANDARD_LIBRARIES = YES;
				BUNDLE_LOADER = "$(TEST_HOST)";
				CODE_SIGN_STYLE = Automatic;
				DEVELOPMENT_TEAM = WR4H64LH2K;
				INFOPLIST_FILE = DoguitosTests/Info.plist;
				LD_RUNPATH_SEARCH_PATHS = (
					"$(inherited)",
					"@executable_path/Frameworks",
					"@loader_path/Frameworks",
				);
				PRODUCT_BUNDLE_IDENTIFIER = sccrn.DoguitosTests;
				PRODUCT_NAME = "$(TARGET_NAME)";
				SWIFT_VERSION = 5.0;
				TARGETED_DEVICE_FAMILY = "1,2";
				TEST_HOST = "$(BUILT_PRODUCTS_DIR)/Doguitos.app/Doguitos";
			};
			name = Debug;
		};
		22D7A52E22C9589A00572802 /* Release */ = {
			isa = XCBuildConfiguration;
			baseConfigurationReference = 4B2FBDBB7541C86BF09EEC06 /* Pods-DoguitosTests.release.xcconfig */;
			buildSettings = {
				ALWAYS_EMBED_SWIFT_STANDARD_LIBRARIES = YES;
				BUNDLE_LOADER = "$(TEST_HOST)";
				CODE_SIGN_STYLE = Automatic;
				DEVELOPMENT_TEAM = WR4H64LH2K;
				INFOPLIST_FILE = DoguitosTests/Info.plist;
				LD_RUNPATH_SEARCH_PATHS = (
					"$(inherited)",
					"@executable_path/Frameworks",
					"@loader_path/Frameworks",
				);
				PRODUCT_BUNDLE_IDENTIFIER = sccrn.DoguitosTests;
				PRODUCT_NAME = "$(TARGET_NAME)";
				SWIFT_VERSION = 5.0;
				TARGETED_DEVICE_FAMILY = "1,2";
				TEST_HOST = "$(BUILT_PRODUCTS_DIR)/Doguitos.app/Doguitos";
			};
			name = Release;
		};
		22D7A53022C9589A00572802 /* Debug */ = {
			isa = XCBuildConfiguration;
			baseConfigurationReference = B14EDD5D965A0F034C10D030 /* Pods-DoguitosUITests.debug.xcconfig */;
			buildSettings = {
				ALWAYS_EMBED_SWIFT_STANDARD_LIBRARIES = YES;
				CODE_SIGN_STYLE = Automatic;
				DEVELOPMENT_TEAM = WR4H64LH2K;
				INFOPLIST_FILE = DoguitosUITests/Info.plist;
				LD_RUNPATH_SEARCH_PATHS = (
					"$(inherited)",
					"@executable_path/Frameworks",
					"@loader_path/Frameworks",
				);
				PRODUCT_BUNDLE_IDENTIFIER = sccrn.DoguitosUITests;
				PRODUCT_NAME = "$(TARGET_NAME)";
				SWIFT_VERSION = 5.0;
				TARGETED_DEVICE_FAMILY = "1,2";
				TEST_TARGET_NAME = Doguitos;
			};
			name = Debug;
		};
		22D7A53122C9589A00572802 /* Release */ = {
			isa = XCBuildConfiguration;
			baseConfigurationReference = E0B1309966E8F5F42E0198D2 /* Pods-DoguitosUITests.release.xcconfig */;
			buildSettings = {
				ALWAYS_EMBED_SWIFT_STANDARD_LIBRARIES = YES;
				CODE_SIGN_STYLE = Automatic;
				DEVELOPMENT_TEAM = WR4H64LH2K;
				INFOPLIST_FILE = DoguitosUITests/Info.plist;
				LD_RUNPATH_SEARCH_PATHS = (
					"$(inherited)",
					"@executable_path/Frameworks",
					"@loader_path/Frameworks",
				);
				PRODUCT_BUNDLE_IDENTIFIER = sccrn.DoguitosUITests;
				PRODUCT_NAME = "$(TARGET_NAME)";
				SWIFT_VERSION = 5.0;
				TARGETED_DEVICE_FAMILY = "1,2";
				TEST_TARGET_NAME = Doguitos;
			};
			name = Release;
		};
/* End XCBuildConfiguration section */

/* Begin XCConfigurationList section */
		22D7A4FC22C9589800572802 /* Build configuration list for PBXProject "Doguitos" */ = {
			isa = XCConfigurationList;
			buildConfigurations = (
				22D7A52722C9589A00572802 /* Debug */,
				22D7A52822C9589A00572802 /* Release */,
			);
			defaultConfigurationIsVisible = 0;
			defaultConfigurationName = Release;
		};
		22D7A52922C9589A00572802 /* Build configuration list for PBXNativeTarget "Doguitos" */ = {
			isa = XCConfigurationList;
			buildConfigurations = (
				22D7A52A22C9589A00572802 /* Debug */,
				22D7A52B22C9589A00572802 /* Release */,
			);
			defaultConfigurationIsVisible = 0;
			defaultConfigurationName = Release;
		};
		22D7A52C22C9589A00572802 /* Build configuration list for PBXNativeTarget "DoguitosTests" */ = {
			isa = XCConfigurationList;
			buildConfigurations = (
				22D7A52D22C9589A00572802 /* Debug */,
				22D7A52E22C9589A00572802 /* Release */,
			);
			defaultConfigurationIsVisible = 0;
			defaultConfigurationName = Release;
		};
		22D7A52F22C9589A00572802 /* Build configuration list for PBXNativeTarget "DoguitosUITests" */ = {
			isa = XCConfigurationList;
			buildConfigurations = (
				22D7A53022C9589A00572802 /* Debug */,
				22D7A53122C9589A00572802 /* Release */,
			);
			defaultConfigurationIsVisible = 0;
			defaultConfigurationName = Release;
		};
/* End XCConfigurationList section */
	};
	rootObject = 22D7A4F922C9589800572802 /* Project object */;
}
